
Microsoft Visual Studio Solution File, Format Version 12.00
# Visual Studio Version 17
VisualStudioVersion = 17.0.31903.59
MinimumVisualStudioVersion = 10.0.40219.1
Project("{2150E333-8FDC-42A3-9474-1A3956D46DE8}") = "src", "src", "{D4B7F735-A02A-45DB-8F56-CAED01A9B773}"
EndProject
Project("{FAE04EC0-301F-11D3-BF4B-00C04F79EFBC}") = "IAMRS.Core", "src\IAMRS.Core\IAMRS.Core.csproj", "{4716478C-CECA-4C68-BF6D-7AF776B9D0DC}"
EndProject
Project("{FAE04EC0-301F-11D3-BF4B-00C04F79EFBC}") = "IAMRS.Infrastructure", "src\IAMRS.Infrastructure\IAMRS.Infrastructure.csproj", "{1A0BE616-A8ED-4D24-9F69-9E29B2A45FCB}"
EndProject
Project("{FAE04EC0-301F-11D3-BF4B-00C04F79EFBC}") = "IAMRS.Application", "src\IAMRS.Application\IAMRS.Application.csproj", "{B158A720-960C-4C2C-8294-863E54590F95}"
EndProject
Project("{FAE04EC0-301F-11D3-BF4B-00C04F79EFBC}") = "IAMRS.Api", "src\IAMRS.Api\IAMRS.Api.csproj", "{C8AB9C99-998C-4E64-B289-AB121DF3D82D}"
EndProject
Project("{FAE04EC0-301F-11D3-BF4B-00C04F79EFBC}") = "IAMRS.Web", "src\IAMRS.Web\IAMRS.Web.csproj", "{81FD413E-0043-46E2-B7E6-38FF42F3764E}"
EndProject
Project("{FAE04EC0-301F-11D3-BF4B-00C04F79EFBC}") = "IAMRS.Simulator", "src\IAMRS.Simulator\IAMRS.Simulator.csproj", "{5E761C46-6464-4D34-A74D-A5B858968A9B}"
EndProject
Project("{FAE04EC0-301F-11D3-BF4B-00C04F79EFBC}") = "IAMRS.Tests", "src\IAMRS.Tests\IAMRS.Tests.csproj", "{E191A187-80EE-4E41-8C89-522BD2EFD951}"
EndProject
Global
	GlobalSection(SolutionConfigurationPlatforms) = preSolution
		Debug|Any CPU = Debug|Any CPU
		Release|Any CPU = Release|Any CPU
	EndGlobalSection
	GlobalSection(SolutionProperties) = preSolution
		HideSolutionNode = FALSE
	EndGlobalSection
	GlobalSection(ProjectConfigurationPlatforms) = postSolution
		{4716478C-CECA-4C68-BF6D-7AF776B9D0DC}.Debug|Any CPU.ActiveCfg = Debug|Any CPU
		{4716478C-CECA-4C68-BF6D-7AF776B9D0DC}.Debug|Any CPU.Build.0 = Debug|Any CPU
		{4716478C-CECA-4C68-BF6D-7AF776B9D0DC}.Release|Any CPU.ActiveCfg = Release|Any CPU
		{4716478C-CECA-4C68-BF6D-7AF776B9D0DC}.Release|Any CPU.Build.0 = Release|Any CPU
		{1A0BE616-A8ED-4D24-9F69-9E29B2A45FCB}.Debug|Any CPU.ActiveCfg = Debug|Any CPU
		{1A0BE616-A8ED-4D24-9F69-9E29B2A45FCB}.Debug|Any CPU.Build.0 = Debug|Any CPU
		{1A0BE616-A8ED-4D24-9F69-9E29B2A45FCB}.Release|Any CPU.ActiveCfg = Release|Any CPU
		{1A0BE616-A8ED-4D24-9F69-9E29B2A45FCB}.Release|Any CPU.Build.0 = Release|Any CPU
		{B158A720-960C-4C2C-8294-863E54590F95}.Debug|Any CPU.ActiveCfg = Debug|Any CPU
		{B158A720-960C-4C2C-8294-863E54590F95}.Debug|Any CPU.Build.0 = Debug|Any CPU
		{B158A720-960C-4C2C-8294-863E54590F95}.Release|Any CPU.ActiveCfg = Release|Any CPU
		{B158A720-960C-4C2C-8294-863E54590F95}.Release|Any CPU.Build.0 = Release|Any CPU
		{C8AB9C99-998C-4E64-B289-AB121DF3D82D}.Debug|Any CPU.ActiveCfg = Debug|Any CPU
		{C8AB9C99-998C-4E64-B289-AB121DF3D82D}.Debug|Any CPU.Build.0 = Debug|Any CPU
		{C8AB9C99-998C-4E64-B289-AB121DF3D82D}.Release|Any CPU.ActiveCfg = Release|Any CPU
		{C8AB9C99-998C-4E64-B289-AB121DF3D82D}.Release|Any CPU.Build.0 = Release|Any CPU
		{81FD413E-0043-46E2-B7E6-38FF42F3764E}.Debug|Any CPU.ActiveCfg = Debug|Any CPU
		{81FD413E-0043-46E2-B7E6-38FF42F3764E}.Debug|Any CPU.Build.0 = Debug|Any CPU
		{81FD413E-0043-46E2-B7E6-38FF42F3764E}.Release|Any CPU.ActiveCfg = Release|Any CPU
		{81FD413E-0043-46E2-B7E6-38FF42F3764E}.Release|Any CPU.Build.0 = Release|Any CPU
		{5E761C46-6464-4D34-A74D-A5B858968A9B}.Debug|Any CPU.ActiveCfg = Debug|Any CPU
		{5E761C46-6464-4D34-A74D-A5B858968A9B}.Debug|Any CPU.Build.0 = Debug|Any CPU
		{5E761C46-6464-4D34-A74D-A5B858968A9B}.Release|Any CPU.ActiveCfg = Release|Any CPU
		{5E761C46-6464-4D34-A74D-A5B858968A9B}.Release|Any CPU.Build.0 = Release|Any CPU
		{E191A187-80EE-4E41-8C89-522BD2EFD951}.Debug|Any CPU.ActiveCfg = Debug|Any CPU
		{E191A187-80EE-4E41-8C89-522BD2EFD951}.Debug|Any CPU.Build.0 = Debug|Any CPU
		{E191A187-80EE-4E41-8C89-522BD2EFD951}.Release|Any CPU.ActiveCfg = Release|Any CPU
		{E191A187-80EE-4E41-8C89-522BD2EFD951}.Release|Any CPU.Build.0 = Release|Any CPU
	EndGlobalSection
	GlobalSection(NestedProjects) = preSolution
		{4716478C-CECA-4C68-BF6D-7AF776B9D0DC} = {D4B7F735-A02A-45DB-8F56-CAED01A9B773}
		{1A0BE616-A8ED-4D24-9F69-9E29B2A45FCB} = {D4B7F735-A02A-45DB-8F56-CAED01A9B773}
		{B158A720-960C-4C2C-8294-863E54590F95} = {D4B7F735-A02A-45DB-8F56-CAED01A9B773}
		{C8AB9C99-998C-4E64-B289-AB121DF3D82D} = {D4B7F735-A02A-45DB-8F56-CAED01A9B773}
		{81FD413E-0043-46E2-B7E6-38FF42F3764E} = {D4B7F735-A02A-45DB-8F56-CAED01A9B773}
		{5E761C46-6464-4D34-A74D-A5B858968A9B} = {D4B7F735-A02A-45DB-8F56-CAED01A9B773}
		{E191A187-80EE-4E41-8C89-522BD2EFD951} = {D4B7F735-A02A-45DB-8F56-CAED01A9B773}
	EndGlobalSection
EndGlobal
